<Solution>
  <Folder Name="/src/">
    <Project Path="src/Hospital.API/Hospital.API.csproj" />
    <Project Path="src/Hospital.Application/Hospital.Application.csproj" />
    <Project Path="src/Hospital.Domain/Hospital.Domain.csproj" />
    <Project Path="src/Hospital.Infrastructure/Hospital.Infrastructure.csproj" />
  </Folder>
  <Folder Name="/tests/">
    <Project Path="tests/Hospital.IntegrationTests/Hospital.IntegrationTests.csproj" />
    <Project Path="tests/Hospital.UnitTests/Hospital.UnitTests.csproj" />
  </Folder>
</Solution>
